// !$*UTF8*$!
{
	archiveVersion = 1;
	classes = {
	};
	objectVersion = 56;
	objects = {

/* Begin PBXBuildFile section */
		3E228F5C2A61EFF500184265 /* Nicole_s_GameApp.swift in Sources */ = {isa = PBXBuildFile; fileRef = 3E228F5B2A61EFF500184265 /* Nicole_s_GameApp.swift */; };
		3E228F5E2A61EFF500184265 /* ContentView.swift in Sources */ = {isa = PBXBuildFile; fileRef = 3E228F5D2A61EFF500184265 /* ContentView.swift */; };
		3E228F602A61EFF600184265 /* Assets.xcassets in Resources */ = {isa = PBXBuildFile; fileRef = 3E228F5F2A61EFF600184265 /* Assets.xcassets */; };
		3E228F632A61EFF600184265 /* Preview Assets.xcassets in Resources */ = {isa = PBXBuildFile; fileRef = 3E228F622A61EFF600184265 /* Preview Assets.xcassets */; };
		3E228F6D2A61EFF600184265 /* Nicole_s_GameTests.swift in Sources */ = {isa = PBXBuildFile; fileRef = 3E228F6C2A61EFF600184265 /* Nicole_s_GameTests.swift */; };
		3E228F772A61EFF600184265 /* Nicole_s_GameUITests.swift in Sources */ = {isa = PBXBuildFile; fileRef = 3E228F762A61EFF600184265 /* Nicole_s_GameUITests.swift */; };
		3E228F792A61EFF600184265 /* Nicole_s_GameUITestsLaunchTests.swift in Sources */ = {isa = PBXBuildFile; fileRef = 3E228F782A61EFF600184265 /* Nicole_s_GameUITestsLaunchTests.swift */; };
		3E3950832A8DF5E900283FE5 /* GameView.swift in Sources */ = {isa = PBXBuildFile; fileRef = 3E3950822A8DF5E900283FE5 /* GameView.swift */; };
		3E4F9BB52A6E0B12004EB959 /* PrimaryButton.swift in Sources */ = {isa = PBXBuildFile; fileRef = 3E4F9BB42A6E0B12004EB959 /* PrimaryButton.swift */; };
		3E4F9BB82A6E4FA2004EB959 /* Extensions.swift in Sources */ = {isa = PBXBuildFile; fileRef = 3E4F9BB72A6E4FA2004EB959 /* Extensions.swift */; };
		3E4F9BBA2A6E521C004EB959 /* QuestionView.swift in Sources */ = {isa = PBXBuildFile; fileRef = 3E4F9BB92A6E521C004EB959 /* QuestionView.swift */; };
		3E4F9BBC2A6E549E004EB959 /* ProgressBar.swift in Sources */ = {isa = PBXBuildFile; fileRef = 3E4F9BBB2A6E549E004EB959 /* ProgressBar.swift */; };
/* End PBXBuildFile section */

/* Begin PBXContainerItemProxy section */
		3E228F692A61EFF600184265 /* PBXContainerItemProxy */ = {
			isa = PBXContainerItemProxy;
			containerPortal = 3E228F502A61EFF500184265 /* Project object */;
			proxyType = 1;
			remoteGlobalIDString = 3E228F572A61EFF500184265;
			remoteInfo = "Nicole's Game";
		};
		3E228F732A61EFF600184265 /* PBXContainerItemProxy */ = {
			isa = PBXContainerItemProxy;
			containerPortal = 3E228F502A61EFF500184265 /* Project object */;
			proxyType = 1;
			remoteGlobalIDString = 3E228F572A61EFF500184265;
			remoteInfo = "Nicole's Game";
		};
/* End PBXContainerItemProxy section */

/* Begin PBXFileReference section */
		3E228F582A61EFF500184265 /* Nicole's Game.app */ = {isa = PBXFileReference; explicitFileType = wrapper.application; includeInIndex = 0; path = "Nicole's Game.app"; sourceTree = BUILT_PRODUCTS_DIR; };
		3E228F5B2A61EFF500184265 /* Nicole_s_GameApp.swift */ = {isa = PBXFileReference; lastKnownFileType = sourcecode.swift; path = Nicole_s_GameApp.swift; sourceTree = "<group>"; };
		3E228F5D2A61EFF500184265 /* ContentView.swift */ = {isa = PBXFileReference; lastKnownFileType = sourcecode.swift; path = ContentView.swift; sourceTree = "<group>"; };
		3E228F5F2A61EFF600184265 /* Assets.xcassets */ = {isa = PBXFileReference; lastKnownFileType = folder.assetcatalog; path = Assets.xcassets; sourceTree = "<group>"; };
		3E228F622A61EFF600184265 /* Preview Assets.xcassets */ = {isa = PBXFileReference; lastKnownFileType = folder.assetcatalog; path = "Preview Assets.xcassets"; sourceTree = "<group>"; };
		3E228F682A61EFF600184265 /* Nicole's GameTests.xctest */ = {isa = PBXFileReference; explicitFileType = wrapper.cfbundle; includeInIndex = 0; path = "Nicole's GameTests.xctest"; sourceTree = BUILT_PRODUCTS_DIR; };
		3E228F6C2A61EFF600184265 /* Nicole_s_GameTests.swift */ = {isa = PBXFileReference; lastKnownFileType = sourcecode.swift; path = Nicole_s_GameTests.swift; sourceTree = "<group>"; };
		3E228F722A61EFF600184265 /* Nicole's GameUITests.xctest */ = {isa = PBXFileReference; explicitFileType = wrapper.cfbundle; includeInIndex = 0; path = "Nicole's GameUITests.xctest"; sourceTree = BUILT_PRODUCTS_DIR; };
		3E228F762A61EFF600184265 /* Nicole_s_GameUITests.swift */ = {isa = PBXFileReference; lastKnownFileType = sourcecode.swift; path = Nicole_s_GameUITests.swift; sourceTree = "<group>"; };
		3E228F782A61EFF600184265 /* Nicole_s_GameUITestsLaunchTests.swift */ = {isa = PBXFileReference; lastKnownFileType = sourcecode.swift; path = Nicole_s_GameUITestsLaunchTests.swift; sourceTree = "<group>"; };
		3E3950822A8DF5E900283FE5 /* GameView.swift */ = {isa = PBXFileReference; lastKnownFileType = sourcecode.swift; path = GameView.swift; sourceTree = "<group>"; };
		3E4F9BB42A6E0B12004EB959 /* PrimaryButton.swift */ = {isa = PBXFileReference; lastKnownFileType = sourcecode.swift; path = PrimaryButton.swift; sourceTree = "<group>"; };
		3E4F9BB72A6E4FA2004EB959 /* Extensions.swift */ = {isa = PBXFileReference; lastKnownFileType = sourcecode.swift; path = Extensions.swift; sourceTree = "<group>"; };
		3E4F9BB92A6E521C004EB959 /* QuestionView.swift */ = {isa = PBXFileReference; lastKnownFileType = sourcecode.swift; path = QuestionView.swift; sourceTree = "<group>"; };
		3E4F9BBB2A6E549E004EB959 /* ProgressBar.swift */ = {isa = PBXFileReference; lastKnownFileType = sourcecode.swift; path = ProgressBar.swift; sourceTree = "<group>"; };
/* End PBXFileReference section */

/* Begin PBXFrameworksBuildPhase section */
		3E228F552A61EFF500184265 /* Frameworks */ = {
			isa = PBXFrameworksBuildPhase;
			buildActionMask = 2147483647;
			files = (
			);
			runOnlyForDeploymentPostprocessing = 0;
		};
		3E228F652A61EFF600184265 /* Frameworks */ = {
			isa = PBXFrameworksBuildPhase;
			buildActionMask = 2147483647;
			files = (
			);
			runOnlyForDeploymentPostprocessing = 0;
		};
		3E228F6F2A61EFF600184265 /* Frameworks */ = {
			isa = PBXFrameworksBuildPhase;
			buildActionMask = 2147483647;
			files = (
			);
			runOnlyForDeploymentPostprocessing = 0;
		};
/* End PBXFrameworksBuildPhase section */

/* Begin PBXGroup section */
		3E228F4F2A61EFF500184265 = {
			isa = PBXGroup;
			children = (
				3E228F5A2A61EFF500184265 /* Nicole's Game */,
				3E228F6B2A61EFF600184265 /* Nicole's GameTests */,
				3E228F752A61EFF600184265 /* Nicole's GameUITests */,
				3E228F592A61EFF500184265 /* Products */,
			);
			sourceTree = "<group>";
		};
		3E228F592A61EFF500184265 /* Products */ = {
			isa = PBXGroup;
			children = (
				3E228F582A61EFF500184265 /* Nicole's Game.app */,
				3E228F682A61EFF600184265 /* Nicole's GameTests.xctest */,
				3E228F722A61EFF600184265 /* Nicole's GameUITests.xctest */,
			);
			name = Products;
			sourceTree = "<group>";
		};
		3E228F5A2A61EFF500184265 /* Nicole's Game */ = {
			isa = PBXGroup;
			children = (
				3E228F5B2A61EFF500184265 /* Nicole_s_GameApp.swift */,
				3E4F9BB62A6E0BAB004EB959 /* Views */,
				3E4F9BB32A6E0AE0004EB959 /* Components */,
				3E228F5F2A61EFF600184265 /* Assets.xcassets */,
				3E228F612A61EFF600184265 /* Preview Content */,
				3E4F9BB72A6E4FA2004EB959 /* Extensions.swift */,
			);
			path = "Nicole's Game";
			sourceTree = "<group>";
		};
		3E228F612A61EFF600184265 /* Preview Content */ = {
			isa = PBXGroup;
			children = (
				3E228F622A61EFF600184265 /* Preview Assets.xcassets */,
			);
			path = "Preview Content";
			sourceTree = "<group>";
		};
		3E228F6B2A61EFF600184265 /* Nicole's GameTests */ = {
			isa = PBXGroup;
			children = (
				3E228F6C2A61EFF600184265 /* Nicole_s_GameTests.swift */,
			);
			path = "Nicole's GameTests";
			sourceTree = "<group>";
		};
		3E228F752A61EFF600184265 /* Nicole's GameUITests */ = {
			isa = PBXGroup;
			children = (
				3E228F762A61EFF600184265 /* Nicole_s_GameUITests.swift */,
				3E228F782A61EFF600184265 /* Nicole_s_GameUITestsLaunchTests.swift */,
			);
			path = "Nicole's GameUITests";
			sourceTree = "<group>";
		};
		3E4F9BB32A6E0AE0004EB959 /* Components */ = {
			isa = PBXGroup;
			children = (
				3E4F9BB42A6E0B12004EB959 /* PrimaryButton.swift */,
				3E4F9BBB2A6E549E004EB959 /* ProgressBar.swift */,
			);
			path = Components;
			sourceTree = "<group>";
		};
		3E4F9BB62A6E0BAB004EB959 /* Views */ = {
			isa = PBXGroup;
			children = (
				3E228F5D2A61EFF500184265 /* ContentView.swift */,
				3E4F9BB92A6E521C004EB959 /* QuestionView.swift */,
				3E3950822A8DF5E900283FE5 /* GameView.swift */,
			);
			path = Views;
			sourceTree = "<group>";
		};
/* End PBXGroup section */

/* Begin PBXNativeTarget section */
		3E228F572A61EFF500184265 /* Nicole's Game */ = {
			isa = PBXNativeTarget;
			buildConfigurationList = 3E228F7C2A61EFF600184265 /* Build configuration list for PBXNativeTarget "Nicole's Game" */;
			buildPhases = (
				3E228F542A61EFF500184265 /* Sources */,
				3E228F552A61EFF500184265 /* Frameworks */,
				3E228F562A61EFF500184265 /* Resources */,
			);
			buildRules = (
			);
			dependencies = (
			);
			name = "Nicole's Game";
			productName = "Nicole's Game";
			productReference = 3E228F582A61EFF500184265 /* Nicole's Game.app */;
			productType = "com.apple.product-type.application";
		};
		3E228F672A61EFF600184265 /* Nicole's GameTests */ = {
			isa = PBXNativeTarget;
			buildConfigurationList = 3E228F7F2A61EFF600184265 /* Build configuration list for PBXNativeTarget "Nicole's GameTests" */;
			buildPhases = (
				3E228F642A61EFF600184265 /* Sources */,
				3E228F652A61EFF600184265 /* Frameworks */,
				3E228F662A61EFF600184265 /* Resources */,
			);
			buildRules = (
			);
			dependencies = (
				3E228F6A2A61EFF600184265 /* PBXTargetDependency */,
			);
			name = "Nicole's GameTests";
			productName = "Nicole's GameTests";
			productReference = 3E228F682A61EFF600184265 /* Nicole's GameTests.xctest */;
			productType = "com.apple.product-type.bundle.unit-test";
		};
		3E228F712A61EFF600184265 /* Nicole's GameUITests */ = {
			isa = PBXNativeTarget;
			buildConfigurationList = 3E228F822A61EFF600184265 /* Build configuration list for PBXNativeTarget "Nicole's GameUITests" */;
			buildPhases = (
				3E228F6E2A61EFF600184265 /* Sources */,
				3E228F6F2A61EFF600184265 /* Frameworks */,
				3E228F702A61EFF600184265 /* Resources */,
			);
			buildRules = (
			);
			dependencies = (
				3E228F742A61EFF600184265 /* PBXTargetDependency */,
			);
			name = "Nicole's GameUITests";
			productName = "Nicole's GameUITests";
			productReference = 3E228F722A61EFF600184265 /* Nicole's GameUITests.xctest */;
			productType = "com.apple.product-type.bundle.ui-testing";
		};
/* End PBXNativeTarget section */

/* Begin PBXProject section */
		3E228F502A61EFF500184265 /* Project object */ = {
			isa = PBXProject;
			attributes = {
				BuildIndependentTargetsInParallel = 1;
				LastSwiftUpdateCheck = 1430;
				LastUpgradeCheck = 1430;
				TargetAttributes = {
					3E228F572A61EFF500184265 = {
						CreatedOnToolsVersion = 14.3.1;
					};
					3E228F672A61EFF600184265 = {
						CreatedOnToolsVersion = 14.3.1;
						TestTargetID = 3E228F572A61EFF500184265;
					};
					3E228F712A61EFF600184265 = {
						CreatedOnToolsVersion = 14.3.1;
						TestTargetID = 3E228F572A61EFF500184265;
					};
				};
			};
			buildConfigurationList = 3E228F532A61EFF500184265 /* Build configuration list for PBXProject "Nicole's Game" */;
			compatibilityVersion = "Xcode 14.0";
			developmentRegion = en;
			hasScannedForEncodings = 0;
			knownRegions = (
				en,
				Base,
			);
			mainGroup = 3E228F4F2A61EFF500184265;
			productRefGroup = 3E228F592A61EFF500184265 /* Products */;
			projectDirPath = "";
			projectRoot = "";
			targets = (
				3E228F572A61EFF500184265 /* Nicole's Game */,
				3E228F672A61EFF600184265 /* Nicole's GameTests */,
				3E228F712A61EFF600184265 /* Nicole's GameUITests */,
			);
		};
/* End PBXProject section */

/* Begin PBXResourcesBuildPhase section */
		3E228F562A61EFF500184265 /* Resources */ = {
			isa = PBXResourcesBuildPhase;
			buildActionMask = 2147483647;
			files = (
				3E228F632A61EFF600184265 /* Preview Assets.xcassets in Resources */,
				3E228F602A61EFF600184265 /* Assets.xcassets in Resources */,
			);
			runOnlyForDeploymentPostprocessing = 0;
		};
		3E228F662A61EFF600184265 /* Resources */ = {
			isa = PBXResourcesBuildPhase;
			buildActionMask = 2147483647;
			files = (
			);
			runOnlyForDeploymentPostprocessing = 0;
		};
		3E228F702A61EFF600184265 /* Resources */ = {
			isa = PBXResourcesBuildPhase;
			buildActionMask = 2147483647;
			files = (
			);
			runOnlyForDeploymentPostprocessing = 0;
		};
/* End PBXResourcesBuildPhase section */

/* Begin PBXSourcesBuildPhase section */
		3E228F542A61EFF500184265 /* Sources */ = {
			isa = PBXSourcesBuildPhase;
			buildActionMask = 2147483647;
			files = (
				3E4F9BBA2A6E521C004EB959 /* QuestionView.swift in Sources */,
				3E4F9BB52A6E0B12004EB959 /* PrimaryButton.swift in Sources */,
				3E228F5E2A61EFF500184265 /* ContentView.swift in Sources */,
				3E228F5C2A61EFF500184265 /* Nicole_s_GameApp.swift in Sources */,
				3E4F9BBC2A6E549E004EB959 /* ProgressBar.swift in Sources */,
				3E4F9BB82A6E4FA2004EB959 /* Extensions.swift in Sources */,
				3E3950832A8DF5E900283FE5 /* GameView.swift in Sources */,
			);
			runOnlyForDeploymentPostprocessing = 0;
		};
		3E228F642A61EFF600184265 /* Sources */ = {
			isa = PBXSourcesBuildPhase;
			buildActionMask = 2147483647;
			files = (
				3E228F6D2A61EFF600184265 /* Nicole_s_GameTests.swift in Sources */,
			);
			runOnlyForDeploymentPostprocessing = 0;
		};
		3E228F6E2A61EFF600184265 /* Sources */ = {
			isa = PBXSourcesBuildPhase;
			buildActionMask = 2147483647;
			files = (
				3E228F792A61EFF600184265 /* Nicole_s_GameUITestsLaunchTests.swift in Sources */,
				3E228F772A61EFF600184265 /* Nicole_s_GameUITests.swift in Sources */,
			);
			runOnlyForDeploymentPostprocessing = 0;
		};
/* End PBXSourcesBuildPhase section */

/* Begin PBXTargetDependency section */
		3E228F6A2A61EFF600184265 /* PBXTargetDependency */ = {
			isa = PBXTargetDependency;
			target = 3E228F572A61EFF500184265 /* Nicole's Game */;
			targetProxy = 3E228F692A61EFF600184265 /* PBXContainerItemProxy */;
		};
		3E228F742A61EFF600184265 /* PBXTargetDependency */ = {
			isa = PBXTargetDependency;
			target = 3E228F572A61EFF500184265 /* Nicole's Game */;
			targetProxy = 3E228F732A61EFF600184265 /* PBXContainerItemProxy */;
		};
/* End PBXTargetDependency section */

/* Begin XCBuildConfiguration section */
		3E228F7A2A61EFF600184265 /* Debug */ = {
			isa = XCBuildConfiguration;
			buildSettings = {
				ALWAYS_SEARCH_USER_PATHS = NO;
				CLANG_ANALYZER_NONNULL = YES;
				CLANG_ANALYZER_NUMBER_OBJECT_CONVERSION = YES_AGGRESSIVE;
				CLANG_CXX_LANGUAGE_STANDARD = "gnu++20";
				CLANG_ENABLE_MODULES = YES;
				CLANG_ENABLE_OBJC_ARC = YES;
				CLANG_ENABLE_OBJC_WEAK = YES;
				CLANG_WARN_BLOCK_CAPTURE_AUTORELEASING = YES;
				CLANG_WARN_BOOL_CONVERSION = YES;
				CLANG_WARN_COMMA = YES;
				CLANG_WARN_CONSTANT_CONVERSION = YES;
				CLANG_WARN_DEPRECATED_OBJC_IMPLEMENTATIONS = YES;
				CLANG_WARN_DIRECT_OBJC_ISA_USAGE = YES_ERROR;
				CLANG_WARN_DOCUMENTATION_COMMENTS = YES;
				CLANG_WARN_EMPTY_BODY = YES;
				CLANG_WARN_ENUM_CONVERSION = YES;
				CLANG_WARN_INFINITE_RECURSION = YES;
				CLANG_WARN_INT_CONVERSION = YES;
				CLANG_WARN_NON_LITERAL_NULL_CONVERSION = YES;
				CLANG_WARN_OBJC_IMPLICIT_RETAIN_SELF = YES;
				CLANG_WARN_OBJC_LITERAL_CONVERSION = YES;
				CLANG_WARN_OBJC_ROOT_CLASS = YES_ERROR;
				CLANG_WARN_QUOTED_INCLUDE_IN_FRAMEWORK_HEADER = YES;
				CLANG_WARN_RANGE_LOOP_ANALYSIS = YES;
				CLANG_WARN_STRICT_PROTOTYPES = YES;
				CLANG_WARN_SUSPICIOUS_MOVE = YES;
				CLANG_WARN_UNGUARDED_AVAILABILITY = YES_AGGRESSIVE;
				CLANG_WARN_UNREACHABLE_CODE = YES;
				CLANG_WARN__DUPLICATE_METHOD_MATCH = YES;
				COPY_PHASE_STRIP = NO;
				DEBUG_INFORMATION_FORMAT = dwarf;
				ENABLE_STRICT_OBJC_MSGSEND = YES;
				ENABLE_TESTABILITY = YES;
				GCC_C_LANGUAGE_STANDARD = gnu11;
				GCC_DYNAMIC_NO_PIC = NO;
				GCC_NO_COMMON_BLOCKS = YES;
				GCC_OPTIMIZATION_LEVEL = 0;
				GCC_PREPROCESSOR_DEFINITIONS = (
					"DEBUG=1",
					"$(inherited)",
				);
				GCC_WARN_64_TO_32_BIT_CONVERSION = YES;
				GCC_WARN_ABOUT_RETURN_TYPE = YES_ERROR;
				GCC_WARN_UNDECLARED_SELECTOR = YES;
				GCC_WARN_UNINITIALIZED_AUTOS = YES_AGGRESSIVE;
				GCC_WARN_UNUSED_FUNCTION = YES;
				GCC_WARN_UNUSED_VARIABLE = YES;
				IPHONEOS_DEPLOYMENT_TARGET = 16.4;
				MTL_ENABLE_DEBUG_INFO = INCLUDE_SOURCE;
				MTL_FAST_MATH = YES;
				ONLY_ACTIVE_ARCH = YES;
				SDKROOT = iphoneos;
				SWIFT_ACTIVE_COMPILATION_CONDITIONS = DEBUG;
				SWIFT_OPTIMIZATION_LEVEL = "-Onone";
			};
			name = Debug;
		};
		3E228F7B2A61EFF600184265 /* Release */ = {
			isa = XCBuildConfiguration;
			buildSettings = {
				ALWAYS_SEARCH_USER_PATHS = NO;
				CLANG_ANALYZER_NONNULL = YES;
				CLANG_ANALYZER_NUMBER_OBJECT_CONVERSION = YES_AGGRESSIVE;
				CLANG_CXX_LANGUAGE_STANDARD = "gnu++20";
				CLANG_ENABLE_MODULES = YES;
				CLANG_ENABLE_OBJC_ARC = YES;
				CLANG_ENABLE_OBJC_WEAK = YES;
				CLANG_WARN_BLOCK_CAPTURE_AUTORELEASING = YES;
				CLANG_WARN_BOOL_CONVERSION = YES;
				CLANG_WARN_COMMA = YES;
				CLANG_WARN_CONSTANT_CONVERSION = YES;
				CLANG_WARN_DEPRECATED_OBJC_IMPLEMENTATIONS = YES;
				CLANG_WARN_DIRECT_OBJC_ISA_USAGE = YES_ERROR;
				CLANG_WARN_DOCUMENTATION_COMMENTS = YES;
				CLANG_WARN_EMPTY_BODY = YES;
				CLANG_WARN_ENUM_CONVERSION = YES;
				CLANG_WARN_INFINITE_RECURSION = YES;
				CLANG_WARN_INT_CONVERSION = YES;
				CLANG_WARN_NON_LITERAL_NULL_CONVERSION = YES;
				CLANG_WARN_OBJC_IMPLICIT_RETAIN_SELF = YES;
				CLANG_WARN_OBJC_LITERAL_CONVERSION = YES;
				CLANG_WARN_OBJC_ROOT_CLASS = YES_ERROR;
				CLANG_WARN_QUOTED_INCLUDE_IN_FRAMEWORK_HEADER = YES;
				CLANG_WARN_RANGE_LOOP_ANALYSIS = YES;
				CLANG_WARN_STRICT_PROTOTYPES = YES;
				CLANG_WARN_SUSPICIOUS_MOVE = YES;
				CLANG_WARN_UNGUARDED_AVAILABILITY = YES_AGGRESSIVE;
				CLANG_WARN_UNREACHABLE_CODE = YES;
				CLANG_WARN__DUPLICATE_METHOD_MATCH = YES;
				COPY_PHASE_STRIP = NO;
				DEBUG_INFORMATION_FORMAT = "dwarf-with-dsym";
				ENABLE_NS_ASSERTIONS = NO;
				ENABLE_STRICT_OBJC_MSGSEND = YES;
				GCC_C_LANGUAGE_STANDARD = gnu11;
				GCC_NO_COMMON_BLOCKS = YES;
				GCC_WARN_64_TO_32_BIT_CONVERSION = YES;
				GCC_WARN_ABOUT_RETURN_TYPE = YES_ERROR;
				GCC_WARN_UNDECLARED_SELECTOR = YES;
				GCC_WARN_UNINITIALIZED_AUTOS = YES_AGGRESSIVE;
				GCC_WARN_UNUSED_FUNCTION = YES;
				GCC_WARN_UNUSED_VARIABLE = YES;
				IPHONEOS_DEPLOYMENT_TARGET = 16.4;
				MTL_ENABLE_DEBUG_INFO = NO;
				MTL_FAST_MATH = YES;
				SDKROOT = iphoneos;
				SWIFT_COMPILATION_MODE = wholemodule;
				SWIFT_OPTIMIZATION_LEVEL = "-O";
				VALIDATE_PRODUCT = YES;
			};
			name = Release;
		};
		3E228F7D2A61EFF600184265 /* Debug */ = {
			isa = XCBuildConfiguration;
			buildSettings = {
				ASSETCATALOG_COMPILER_APPICON_NAME = AppIcon;
				ASSETCATALOG_COMPILER_GLOBAL_ACCENT_COLOR_NAME = AccentColor;
				CODE_SIGN_STYLE = Automatic;
				CURRENT_PROJECT_VERSION = 1;
				DEVELOPMENT_ASSET_PATHS = "\"Nicole's Game/Preview Content\"";
				ENABLE_PREVIEWS = YES;
				GENERATE_INFOPLIST_FILE = YES;
				INFOPLIST_KEY_UIApplicationSceneManifest_Generation = YES;
				INFOPLIST_KEY_UIApplicationSupportsIndirectInputEvents = YES;
				INFOPLIST_KEY_UILaunchScreen_Generation = YES;
				INFOPLIST_KEY_UISupportedInterfaceOrientations_iPad = "UIInterfaceOrientationPortrait UIInterfaceOrientationPortraitUpsideDown UIInterfaceOrientationLandscapeLeft UIInterfaceOrientationLandscapeRight";
				INFOPLIST_KEY_UISupportedInterfaceOrientations_iPhone = "UIInterfaceOrientationPortrait UIInterfaceOrientationLandscapeLeft UIInterfaceOrientationLandscapeRight";
				LD_RUNPATH_SEARCH_PATHS = (
					"$(inherited)",
					"@executable_path/Frameworks",
				);
				MARKETING_VERSION = 1.0;
				PRODUCT_BUNDLE_IDENTIFIER = "on99.Nicole-s-Game";
				PRODUCT_NAME = "$(TARGET_NAME)";
				SWIFT_EMIT_LOC_STRINGS = YES;
				SWIFT_VERSION = 5.0;
				TARGETED_DEVICE_FAMILY = "1,2";
			};
			name = Debug;
		};
		3E228F7E2A61EFF600184265 /* Release */ = {
			isa = XCBuildConfiguration;
			buildSettings = {
				ASSETCATALOG_COMPILER_APPICON_NAME = AppIcon;
				ASSETCATALOG_COMPILER_GLOBAL_ACCENT_COLOR_NAME = AccentColor;
				CODE_SIGN_STYLE = Automatic;
				CURRENT_PROJECT_VERSION = 1;
				DEVELOPMENT_ASSET_PATHS = "\"Nicole's Game/Preview Content\"";
				ENABLE_PREVIEWS = YES;
				GENERATE_INFOPLIST_FILE = YES;
				INFOPLIST_KEY_UIApplicationSceneManifest_Generation = YES;
				INFOPLIST_KEY_UIApplicationSupportsIndirectInputEvents = YES;
				INFOPLIST_KEY_UILaunchScreen_Generation = YES;
				INFOPLIST_KEY_UISupportedInterfaceOrientations_iPad = "UIInterfaceOrientationPortrait UIInterfaceOrientationPortraitUpsideDown UIInterfaceOrientationLandscapeLeft UIInterfaceOrientationLandscapeRight";
				INFOPLIST_KEY_UISupportedInterfaceOrientations_iPhone = "UIInterfaceOrientationPortrait UIInterfaceOrientationLandscapeLeft UIInterfaceOrientationLandscapeRight";
				LD_RUNPATH_SEARCH_PATHS = (
					"$(inherited)",
					"@executable_path/Frameworks",
				);
				MARKETING_VERSION = 1.0;
				PRODUCT_BUNDLE_IDENTIFIER = "on99.Nicole-s-Game";
				PRODUCT_NAME = "$(TARGET_NAME)";
				SWIFT_EMIT_LOC_STRINGS = YES;
				SWIFT_VERSION = 5.0;
				TARGETED_DEVICE_FAMILY = "1,2";
			};
			name = Release;
		};
		3E228F802A61EFF600184265 /* Debug */ = {
			isa = XCBuildConfiguration;
			buildSettings = {
				ALWAYS_EMBED_SWIFT_STANDARD_LIBRARIES = YES;
				BUNDLE_LOADER = "$(TEST_HOST)";
				CODE_SIGN_STYLE = Automatic;
				CURRENT_PROJECT_VERSION = 1;
				GENERATE_INFOPLIST_FILE = YES;
				IPHONEOS_DEPLOYMENT_TARGET = 16.4;
				MARKETING_VERSION = 1.0;
				PRODUCT_BUNDLE_IDENTIFIER = "on99.Nicole-s-GameTests";
				PRODUCT_NAME = "$(TARGET_NAME)";
				SWIFT_EMIT_LOC_STRINGS = NO;
				SWIFT_VERSION = 5.0;
				TARGETED_DEVICE_FAMILY = "1,2";
				TEST_HOST = "$(BUILT_PRODUCTS_DIR)/Nicole's Game.app/$(BUNDLE_EXECUTABLE_FOLDER_PATH)/Nicole's Game";
			};
			name = Debug;
		};
		3E228F812A61EFF600184265 /* Release */ = {
			isa = XCBuildConfiguration;
			buildSettings = {
				ALWAYS_EMBED_SWIFT_STANDARD_LIBRARIES = YES;
				BUNDLE_LOADER = "$(TEST_HOST)";
				CODE_SIGN_STYLE = Automatic;
				CURRENT_PROJECT_VERSION = 1;
				GENERATE_INFOPLIST_FILE = YES;
				IPHONEOS_DEPLOYMENT_TARGET = 16.4;
				MARKETING_VERSION = 1.0;
				PRODUCT_BUNDLE_IDENTIFIER = "on99.Nicole-s-GameTests";
				PRODUCT_NAME = "$(TARGET_NAME)";
				SWIFT_EMIT_LOC_STRINGS = NO;
				SWIFT_VERSION = 5.0;
				TARGETED_DEVICE_FAMILY = "1,2";
				TEST_HOST = "$(BUILT_PRODUCTS_DIR)/Nicole's Game.app/$(BUNDLE_EXECUTABLE_FOLDER_PATH)/Nicole's Game";
			};
			name = Release;
		};
		3E228F832A61EFF600184265 /* Debug */ = {
			isa = XCBuildConfiguration;
			buildSettings = {
				ALWAYS_EMBED_SWIFT_STANDARD_LIBRARIES = YES;
				CODE_SIGN_STYLE = Automatic;
				CURRENT_PROJECT_VERSION = 1;
				GENERATE_INFOPLIST_FILE = YES;
				MARKETING_VERSION = 1.0;
				PRODUCT_BUNDLE_IDENTIFIER = "on99.Nicole-s-GameUITests";
				PRODUCT_NAME = "$(TARGET_NAME)";
				SWIFT_EMIT_LOC_STRINGS = NO;
				SWIFT_VERSION = 5.0;
				TARGETED_DEVICE_FAMILY = "1,2";
				TEST_TARGET_NAME = "Nicole's Game";
			};
			name = Debug;
		};
		3E228F842A61EFF600184265 /* Release */ = {
			isa = XCBuildConfiguration;
			buildSettings = {
				ALWAYS_EMBED_SWIFT_STANDARD_LIBRARIES = YES;
				CODE_SIGN_STYLE = Automatic;
				CURRENT_PROJECT_VERSION = 1;
				GENERATE_INFOPLIST_FILE = YES;
				MARKETING_VERSION = 1.0;
				PRODUCT_BUNDLE_IDENTIFIER = "on99.Nicole-s-GameUITests";
				PRODUCT_NAME = "$(TARGET_NAME)";
				SWIFT_EMIT_LOC_STRINGS = NO;
				SWIFT_VERSION = 5.0;
				TARGETED_DEVICE_FAMILY = "1,2";
				TEST_TARGET_NAME = "Nicole's Game";
			};
			name = Release;
		};
/* End XCBuildConfiguration section */

/* Begin XCConfigurationList section */
		3E228F532A61EFF500184265 /* Build configuration list for PBXProject "Nicole's Game" */ = {
			isa = XCConfigurationList;
			buildConfigurations = (
				3E228F7A2A61EFF600184265 /* Debug */,
				3E228F7B2A61EFF600184265 /* Release */,
			);
			defaultConfigurationIsVisible = 0;
			defaultConfigurationName = Release;
		};
		3E228F7C2A61EFF600184265 /* Build configuration list for PBXNativeTarget "Nicole's Game" */ = {
			isa = XCConfigurationList;
			buildConfigurations = (
				3E228F7D2A61EFF600184265 /* Debug */,
				3E228F7E2A61EFF600184265 /* Release */,
			);
			defaultConfigurationIsVisible = 0;
			defaultConfigurationName = Release;
		};
		3E228F7F2A61EFF600184265 /* Build configuration list for PBXNativeTarget "Nicole's GameTests" */ = {
			isa = XCConfigurationList;
			buildConfigurations = (
				3E228F802A61EFF600184265 /* Debug */,
				3E228F812A61EFF600184265 /* Release */,
			);
			defaultConfigurationIsVisible = 0;
			defaultConfigurationName = Release;
		};
		3E228F822A61EFF600184265 /* Build configuration list for PBXNativeTarget "Nicole's GameUITests" */ = {
			isa = XCConfigurationList;
			buildConfigurations = (
				3E228F832A61EFF600184265 /* Debug */,
				3E228F842A61EFF600184265 /* Release */,
			);
			defaultConfigurationIsVisible = 0;
			defaultConfigurationName = Release;
		};
/* End XCConfigurationList section */
	};
	rootObject = 3E228F502A61EFF500184265 /* Project object */;
}
